
Microsoft Visual Studio Solution File, Format Version 12.00
# Visual Studio 15
VisualStudioVersion = 15.0.27703.2035
MinimumVisualStudioVersion = 10.0.40219.1
Project("{FAE04EC0-301F-11D3-BF4B-00C04F79EFBC}") = "PetsDatabase", "PetsDatabase\PetsDatabase.csproj", "{EFED5F33-A2F4-4B4C-B57C-F96AB5D91B48}"
EndProject
Project("{FAE04EC0-301F-11D3-BF4B-00C04F79EFBC}") = "PetsTests", "PetsTests\PetsTests.csproj", "{1AAE1EE5-2CDB-4B0F-93CC-E06CDA45A336}"
EndProject
Project("{FAE04EC0-301F-11D3-BF4B-00C04F79EFBC}") = "PetsApp", "PetsApp\PetsApp.csproj", "{571B578C-934F-49A2-8518-F2442D6BC469}"
EndProject
Global
	GlobalSection(SolutionConfigurationPlatforms) = preSolution
		Debug|Any CPU = Debug|Any CPU
		Release|Any CPU = Release|Any CPU
	EndGlobalSection
	GlobalSection(ProjectConfigurationPlatforms) = postSolution
		{EFED5F33-A2F4-4B4C-B57C-F96AB5D91B48}.Debug|Any CPU.ActiveCfg = Debug|Any CPU
		{EFED5F33-A2F4-4B4C-B57C-F96AB5D91B48}.Debug|Any CPU.Build.0 = Debug|Any CPU
		{EFED5F33-A2F4-4B4C-B57C-F96AB5D91B48}.Release|Any CPU.ActiveCfg = Release|Any CPU
		{EFED5F33-A2F4-4B4C-B57C-F96AB5D91B48}.Release|Any CPU.Build.0 = Release|Any CPU
		{1AAE1EE5-2CDB-4B0F-93CC-E06CDA45A336}.Debug|Any CPU.ActiveCfg = Debug|Any CPU
		{1AAE1EE5-2CDB-4B0F-93CC-E06CDA45A336}.Debug|Any CPU.Build.0 = Debug|Any CPU
		{1AAE1EE5-2CDB-4B0F-93CC-E06CDA45A336}.Release|Any CPU.ActiveCfg = Release|Any CPU
		{1AAE1EE5-2CDB-4B0F-93CC-E06CDA45A336}.Release|Any CPU.Build.0 = Release|Any CPU
		{571B578C-934F-49A2-8518-F2442D6BC469}.Debug|Any CPU.ActiveCfg = Debug|Any CPU
		{571B578C-934F-49A2-8518-F2442D6BC469}.Debug|Any CPU.Build.0 = Debug|Any CPU
		{571B578C-934F-49A2-8518-F2442D6BC469}.Release|Any CPU.ActiveCfg = Release|Any CPU
		{571B578C-934F-49A2-8518-F2442D6BC469}.Release|Any CPU.Build.0 = Release|Any CPU
	EndGlobalSection
	GlobalSection(SolutionProperties) = preSolution
		HideSolutionNode = FALSE
	EndGlobalSection
	GlobalSection(ExtensibilityGlobals) = postSolution
		SolutionGuid = {196B6A66-DF75-4F95-B1B9-9118C9698951}
	EndGlobalSection
EndGlobal
